
Microsoft Visual Studio Solution File, Format Version 12.00
Project("{FAE04EC0-301F-11D3-BF4B-00C04F79EFBC}") = "Cnvs.Demo.TaskManagement.WebApi", "Cnvs.Demo.TaskManagement.WebApi\Cnvs.Demo.TaskManagement.WebApi.csproj", "{70B4C087-43CA-4F90-ABA2-192CD357000D}"
EndProject
Project("{FAE04EC0-301F-11D3-BF4B-00C04F79EFBC}") = "Cnvs.Demo.TaskManagement.Dto", "Cnvs.Demo.TaskManagement.Dto\Cnvs.Demo.TaskManagement.Dto.csproj", "{35B09A7A-411E-46E6-95AD-E02DD8B2B043}"
EndProject
Project("{FAE04EC0-301F-11D3-BF4B-00C04F79EFBC}") = "Cnvs.Demo.TaskManagement", "Cnvs.Demo.TaskManagement\Cnvs.Demo.TaskManagement.csproj", "{894E969E-E7C2-4770-815C-A103A3303937}"
EndProject
Project("{FAE04EC0-301F-11D3-BF4B-00C04F79EFBC}") = "Cnvs.Demo.TaskManagement.Tests", "Cnvs.Demo.TaskManagement.Tests\Cnvs.Demo.TaskManagement.Tests.csproj", "{52761B05-7911-4BD2-8C03-B929E12C2500}"
EndProject
Project("{FAE04EC0-301F-11D3-BF4B-00C04F79EFBC}") = "Cnvs.Demo.TaskManagement.Storage", "Cnvs.Demo.TaskManagement.Storage\Cnvs.Demo.TaskManagement.Storage.csproj", "{AE3A5268-6168-442B-B4FB-7328943F3CA2}"
EndProject
Global
	GlobalSection(SolutionConfigurationPlatforms) = preSolution
		Debug|Any CPU = Debug|Any CPU
		Release|Any CPU = Release|Any CPU
	EndGlobalSection
	GlobalSection(ProjectConfigurationPlatforms) = postSolution
		{70B4C087-43CA-4F90-ABA2-192CD357000D}.Debug|Any CPU.ActiveCfg = Debug|Any CPU
		{70B4C087-43CA-4F90-ABA2-192CD357000D}.Debug|Any CPU.Build.0 = Debug|Any CPU
		{70B4C087-43CA-4F90-ABA2-192CD357000D}.Release|Any CPU.ActiveCfg = Release|Any CPU
		{70B4C087-43CA-4F90-ABA2-192CD357000D}.Release|Any CPU.Build.0 = Release|Any CPU
		{35B09A7A-411E-46E6-95AD-E02DD8B2B043}.Debug|Any CPU.ActiveCfg = Debug|Any CPU
		{35B09A7A-411E-46E6-95AD-E02DD8B2B043}.Debug|Any CPU.Build.0 = Debug|Any CPU
		{35B09A7A-411E-46E6-95AD-E02DD8B2B043}.Release|Any CPU.ActiveCfg = Release|Any CPU
		{35B09A7A-411E-46E6-95AD-E02DD8B2B043}.Release|Any CPU.Build.0 = Release|Any CPU
		{894E969E-E7C2-4770-815C-A103A3303937}.Debug|Any CPU.ActiveCfg = Debug|Any CPU
		{894E969E-E7C2-4770-815C-A103A3303937}.Debug|Any CPU.Build.0 = Debug|Any CPU
		{894E969E-E7C2-4770-815C-A103A3303937}.Release|Any CPU.ActiveCfg = Release|Any CPU
		{894E969E-E7C2-4770-815C-A103A3303937}.Release|Any CPU.Build.0 = Release|Any CPU
		{52761B05-7911-4BD2-8C03-B929E12C2500}.Debug|Any CPU.ActiveCfg = Debug|Any CPU
		{52761B05-7911-4BD2-8C03-B929E12C2500}.Debug|Any CPU.Build.0 = Debug|Any CPU
		{52761B05-7911-4BD2-8C03-B929E12C2500}.Release|Any CPU.ActiveCfg = Release|Any CPU
		{52761B05-7911-4BD2-8C03-B929E12C2500}.Release|Any CPU.Build.0 = Release|Any CPU
		{AE3A5268-6168-442B-B4FB-7328943F3CA2}.Debug|Any CPU.ActiveCfg = Debug|Any CPU
		{AE3A5268-6168-442B-B4FB-7328943F3CA2}.Debug|Any CPU.Build.0 = Debug|Any CPU
		{AE3A5268-6168-442B-B4FB-7328943F3CA2}.Release|Any CPU.ActiveCfg = Release|Any CPU
		{AE3A5268-6168-442B-B4FB-7328943F3CA2}.Release|Any CPU.Build.0 = Release|Any CPU
	EndGlobalSection
EndGlobal
